
Microsoft Visual Studio Solution File, Format Version 12.00
# Visual Studio 15
VisualStudioVersion = 15.0.28307.329
MinimumVisualStudioVersion = 10.0.40219.1
Project("{FAE04EC0-301F-11D3-BF4B-00C04F79EFBC}") = "TestHello2", "TestHello2\TestHello2.csproj", "{FF7BE888-B64B-4796-8862-F37B9BB8F65F}"
EndProject
Global
	GlobalSection(SolutionConfigurationPlatforms) = preSolution
		Debug|Any CPU = Debug|Any CPU
		Release|Any CPU = Release|Any CPU
	EndGlobalSection
	GlobalSection(ProjectConfigurationPlatforms) = postSolution
		{FF7BE888-B64B-4796-8862-F37B9BB8F65F}.Debug|Any CPU.ActiveCfg = Debug|Any CPU
		{FF7BE888-B64B-4796-8862-F37B9BB8F65F}.Debug|Any CPU.Build.0 = Debug|Any CPU
		{FF7BE888-B64B-4796-8862-F37B9BB8F65F}.Release|Any CPU.ActiveCfg = Release|Any CPU
		{FF7BE888-B64B-4796-8862-F37B9BB8F65F}.Release|Any CPU.Build.0 = Release|Any CPU
	EndGlobalSection
	GlobalSection(SolutionProperties) = preSolution
		HideSolutionNode = FALSE
	EndGlobalSection
	GlobalSection(ExtensibilityGlobals) = postSolution
		SolutionGuid = {CAD39340-47E5-484A-AF59-40210B477BBE}
	EndGlobalSection
EndGlobal
